
Microsoft Visual Studio Solution File, Format Version 12.00
# Visual Studio Version 17
VisualStudioVersion = 17.0.31903.59
MinimumVisualStudioVersion = 10.0.40219.1
Project("{9A19103F-16F7-4668-BE54-9A1E7A4F7556}") = "QikLog.Core", "src\QikLog.Core\QikLog.Core.csproj", "{A1B2C3D4-0001-0000-0000-000000000001}"
EndProject
Project("{9A19103F-16F7-4668-BE54-9A1E7A4F7556}") = "QikLog.Api", "src\QikLog.Api\QikLog.Api.csproj", "{A1B2C3D4-0002-0000-0000-000000000002}"
EndProject
Project("{9A19103F-16F7-4668-BE54-9A1E7A4F7556}") = "QikLog.Web", "src\QikLog.Web\QikLog.Web.csproj", "{A1B2C3D4-0003-0000-0000-000000000003}"
EndProject
Project("{9A19103F-16F7-4668-BE54-9A1E7A4F7556}") = "QikLog.Cli", "src\QikLog.Cli\QikLog.Cli.csproj", "{A1B2C3D4-0004-0000-0000-000000000004}"
EndProject
Project("{9A19103F-16F7-4668-BE54-9A1E7A4F7556}") = "QikLog.Core.Tests", "tests\QikLog.Core.Tests\QikLog.Core.Tests.csproj", "{A1B2C3D4-0005-0000-0000-000000000005}"
EndProject
Project("{2150E333-8FDC-42A3-9474-1A3956D46DE8}") = "tests", "tests", "{0AB3BF05-4346-4AA6-1389-037BE0695223}"
EndProject
Project("{FAE04EC0-301F-11D3-BF4B-00C04F79EFBC}") = "QikLog.Api.Tests", "tests\QikLog.Api.Tests\QikLog.Api.Tests.csproj", "{E2C9C1C4-DEA8-44A5-ADEA-4E234B8C3AEF}"
EndProject
Project("{2150E333-8FDC-42A3-9474-1A3956D46DE8}") = "src", "src", "{827E0CD3-B72D-47B6-A68D-7590B98EB39B}"
EndProject
Project("{FAE04EC0-301F-11D3-BF4B-00C04F79EFBC}") = "QikLog.Infrastructure", "src\QikLog.Infrastructure\QikLog.Infrastructure.csproj", "{BF66D934-0A04-446C-825E-0E1C8257A4C0}"
EndProject
Project("{FAE04EC0-301F-11D3-BF4B-00C04F79EFBC}") = "QikLog.DocGen.Tests", "tests\QikLog.DocGen.Tests\QikLog.DocGen.Tests.csproj", "{1BF572C3-E3AC-43C8-8E07-2184A105176B}"
EndProject
Project("{FAE04EC0-301F-11D3-BF4B-00C04F79EFBC}") = "QikLog.Infrastructure.Tests", "tests\QikLog.Infrastructure.Tests\QikLog.Infrastructure.Tests.csproj", "{2CE09B30-8A84-4934-87BF-7444E17C5A50}"
EndProject
Project("{FAE04EC0-301F-11D3-BF4B-00C04F79EFBC}") = "QikLog.Smoke.Tests", "tests\QikLog.Smoke.Tests\QikLog.Smoke.Tests.csproj", "{764ACF85-FEF3-4BF2-A5DD-5D8B95E49924}"
EndProject
Project("{FAE04EC0-301F-11D3-BF4B-00C04F79EFBC}") = "QikLog.Cli.Tests", "tests\QikLog.Cli.Tests\QikLog.Cli.Tests.csproj", "{C9E9F32A-E439-4442-AC78-EB3500D30CF1}"
EndProject
Global
	GlobalSection(SolutionConfigurationPlatforms) = preSolution
		Debug|Any CPU = Debug|Any CPU
		Debug|x64 = Debug|x64
		Debug|x86 = Debug|x86
		Release|Any CPU = Release|Any CPU
		Release|x64 = Release|x64
		Release|x86 = Release|x86
	EndGlobalSection
	GlobalSection(ProjectConfigurationPlatforms) = postSolution
		{A1B2C3D4-0001-0000-0000-000000000001}.Debug|Any CPU.ActiveCfg = Debug|Any CPU
		{A1B2C3D4-0001-0000-0000-000000000001}.Debug|Any CPU.Build.0 = Debug|Any CPU
		{A1B2C3D4-0001-0000-0000-000000000001}.Debug|x64.ActiveCfg = Debug|Any CPU
		{A1B2C3D4-0001-0000-0000-000000000001}.Debug|x64.Build.0 = Debug|Any CPU
		{A1B2C3D4-0001-0000-0000-000000000001}.Debug|x86.ActiveCfg = Debug|Any CPU
		{A1B2C3D4-0001-0000-0000-000000000001}.Debug|x86.Build.0 = Debug|Any CPU
		{A1B2C3D4-0001-0000-0000-000000000001}.Release|Any CPU.ActiveCfg = Release|Any CPU
		{A1B2C3D4-0001-0000-0000-000000000001}.Release|Any CPU.Build.0 = Release|Any CPU
		{A1B2C3D4-0001-0000-0000-000000000001}.Release|x64.ActiveCfg = Release|Any CPU
		{A1B2C3D4-0001-0000-0000-000000000001}.Release|x64.Build.0 = Release|Any CPU
		{A1B2C3D4-0001-0000-0000-000000000001}.Release|x86.ActiveCfg = Release|Any CPU
		{A1B2C3D4-0001-0000-0000-000000000001}.Release|x86.Build.0 = Release|Any CPU
		{A1B2C3D4-0002-0000-0000-000000000002}.Debug|Any CPU.ActiveCfg = Debug|Any CPU
		{A1B2C3D4-0002-0000-0000-000000000002}.Debug|Any CPU.Build.0 = Debug|Any CPU
		{A1B2C3D4-0002-0000-0000-000000000002}.Debug|x64.ActiveCfg = Debug|Any CPU
		{A1B2C3D4-0002-0000-0000-000000000002}.Debug|x64.Build.0 = Debug|Any CPU
		{A1B2C3D4-0002-0000-0000-000000000002}.Debug|x86.ActiveCfg = Debug|Any CPU
		{A1B2C3D4-0002-0000-0000-000000000002}.Debug|x86.Build.0 = Debug|Any CPU
		{A1B2C3D4-0002-0000-0000-000000000002}.Release|Any CPU.ActiveCfg = Release|Any CPU
		{A1B2C3D4-0002-0000-0000-000000000002}.Release|Any CPU.Build.0 = Release|Any CPU
		{A1B2C3D4-0002-0000-0000-000000000002}.Release|x64.ActiveCfg = Release|Any CPU
		{A1B2C3D4-0002-0000-0000-000000000002}.Release|x64.Build.0 = Release|Any CPU
		{A1B2C3D4-0002-0000-0000-000000000002}.Release|x86.ActiveCfg = Release|Any CPU
		{A1B2C3D4-0002-0000-0000-000000000002}.Release|x86.Build.0 = Release|Any CPU
		{A1B2C3D4-0003-0000-0000-000000000003}.Debug|Any CPU.ActiveCfg = Debug|Any CPU
		{A1B2C3D4-0003-0000-0000-000000000003}.Debug|Any CPU.Build.0 = Debug|Any CPU
		{A1B2C3D4-0003-0000-0000-000000000003}.Debug|x64.ActiveCfg = Debug|Any CPU
		{A1B2C3D4-0003-0000-0000-000000000003}.Debug|x64.Build.0 = Debug|Any CPU
		{A1B2C3D4-0003-0000-0000-000000000003}.Debug|x86.ActiveCfg = Debug|Any CPU
		{A1B2C3D4-0003-0000-0000-000000000003}.Debug|x86.Build.0 = Debug|Any CPU
		{A1B2C3D4-0003-0000-0000-000000000003}.Release|Any CPU.ActiveCfg = Release|Any CPU
		{A1B2C3D4-0003-0000-0000-000000000003}.Release|Any CPU.Build.0 = Release|Any CPU
		{A1B2C3D4-0003-0000-0000-000000000003}.Release|x64.ActiveCfg = Release|Any CPU
		{A1B2C3D4-0003-0000-0000-000000000003}.Release|x64.Build.0 = Release|Any CPU
		{A1B2C3D4-0003-0000-0000-000000000003}.Release|x86.ActiveCfg = Release|Any CPU
		{A1B2C3D4-0003-0000-0000-000000000003}.Release|x86.Build.0 = Release|Any CPU
		{A1B2C3D4-0004-0000-0000-000000000004}.Debug|Any CPU.ActiveCfg = Debug|Any CPU
		{A1B2C3D4-0004-0000-0000-000000000004}.Debug|Any CPU.Build.0 = Debug|Any CPU
		{A1B2C3D4-0004-0000-0000-000000000004}.Debug|x64.ActiveCfg = Debug|Any CPU
		{A1B2C3D4-0004-0000-0000-000000000004}.Debug|x64.Build.0 = Debug|Any CPU
		{A1B2C3D4-0004-0000-0000-000000000004}.Debug|x86.ActiveCfg = Debug|Any CPU
		{A1B2C3D4-0004-0000-0000-000000000004}.Debug|x86.Build.0 = Debug|Any CPU
		{A1B2C3D4-0004-0000-0000-000000000004}.Release|Any CPU.ActiveCfg = Release|Any CPU
		{A1B2C3D4-0004-0000-0000-000000000004}.Release|Any CPU.Build.0 = Release|Any CPU
		{A1B2C3D4-0004-0000-0000-000000000004}.Release|x64.ActiveCfg = Release|Any CPU
		{A1B2C3D4-0004-0000-0000-000000000004}.Release|x64.Build.0 = Release|Any CPU
		{A1B2C3D4-0004-0000-0000-000000000004}.Release|x86.ActiveCfg = Release|Any CPU
		{A1B2C3D4-0004-0000-0000-000000000004}.Release|x86.Build.0 = Release|Any CPU
		{A1B2C3D4-0005-0000-0000-000000000005}.Debug|Any CPU.ActiveCfg = Debug|Any CPU
		{A1B2C3D4-0005-0000-0000-000000000005}.Debug|Any CPU.Build.0 = Debug|Any CPU
		{A1B2C3D4-0005-0000-0000-000000000005}.Debug|x64.ActiveCfg = Debug|Any CPU
		{A1B2C3D4-0005-0000-0000-000000000005}.Debug|x64.Build.0 = Debug|Any CPU
		{A1B2C3D4-0005-0000-0000-000000000005}.Debug|x86.ActiveCfg = Debug|Any CPU
		{A1B2C3D4-0005-0000-0000-000000000005}.Debug|x86.Build.0 = Debug|Any CPU
		{A1B2C3D4-0005-0000-0000-000000000005}.Release|Any CPU.ActiveCfg = Release|Any CPU
		{A1B2C3D4-0005-0000-0000-000000000005}.Release|Any CPU.Build.0 = Release|Any CPU
		{A1B2C3D4-0005-0000-0000-000000000005}.Release|x64.ActiveCfg = Release|Any CPU
		{A1B2C3D4-0005-0000-0000-000000000005}.Release|x64.Build.0 = Release|Any CPU
		{A1B2C3D4-0005-0000-0000-000000000005}.Release|x86.ActiveCfg = Release|Any CPU
		{A1B2C3D4-0005-0000-0000-000000000005}.Release|x86.Build.0 = Release|Any CPU
		{E2C9C1C4-DEA8-44A5-ADEA-4E234B8C3AEF}.Debug|Any CPU.ActiveCfg = Debug|Any CPU
		{E2C9C1C4-DEA8-44A5-ADEA-4E234B8C3AEF}.Debug|Any CPU.Build.0 = Debug|Any CPU
		{E2C9C1C4-DEA8-44A5-ADEA-4E234B8C3AEF}.Debug|x64.ActiveCfg = Debug|Any CPU
		{E2C9C1C4-DEA8-44A5-ADEA-4E234B8C3AEF}.Debug|x64.Build.0 = Debug|Any CPU
		{E2C9C1C4-DEA8-44A5-ADEA-4E234B8C3AEF}.Debug|x86.ActiveCfg = Debug|Any CPU
		{E2C9C1C4-DEA8-44A5-ADEA-4E234B8C3AEF}.Debug|x86.Build.0 = Debug|Any CPU
		{E2C9C1C4-DEA8-44A5-ADEA-4E234B8C3AEF}.Release|Any CPU.ActiveCfg = Release|Any CPU
		{E2C9C1C4-DEA8-44A5-ADEA-4E234B8C3AEF}.Release|Any CPU.Build.0 = Release|Any CPU
		{E2C9C1C4-DEA8-44A5-ADEA-4E234B8C3AEF}.Release|x64.ActiveCfg = Release|Any CPU
		{E2C9C1C4-DEA8-44A5-ADEA-4E234B8C3AEF}.Release|x64.Build.0 = Release|Any CPU
		{E2C9C1C4-DEA8-44A5-ADEA-4E234B8C3AEF}.Release|x86.ActiveCfg = Release|Any CPU
		{E2C9C1C4-DEA8-44A5-ADEA-4E234B8C3AEF}.Release|x86.Build.0 = Release|Any CPU
		{BF66D934-0A04-446C-825E-0E1C8257A4C0}.Debug|Any CPU.ActiveCfg = Debug|Any CPU
		{BF66D934-0A04-446C-825E-0E1C8257A4C0}.Debug|Any CPU.Build.0 = Debug|Any CPU
		{BF66D934-0A04-446C-825E-0E1C8257A4C0}.Debug|x64.ActiveCfg = Debug|Any CPU
		{BF66D934-0A04-446C-825E-0E1C8257A4C0}.Debug|x64.Build.0 = Debug|Any CPU
		{BF66D934-0A04-446C-825E-0E1C8257A4C0}.Debug|x86.ActiveCfg = Debug|Any CPU
		{BF66D934-0A04-446C-825E-0E1C8257A4C0}.Debug|x86.Build.0 = Debug|Any CPU
		{BF66D934-0A04-446C-825E-0E1C8257A4C0}.Release|Any CPU.ActiveCfg = Release|Any CPU
		{BF66D934-0A04-446C-825E-0E1C8257A4C0}.Release|Any CPU.Build.0 = Release|Any CPU
		{BF66D934-0A04-446C-825E-0E1C8257A4C0}.Release|x64.ActiveCfg = Release|Any CPU
		{BF66D934-0A04-446C-825E-0E1C8257A4C0}.Release|x64.Build.0 = Release|Any CPU
		{BF66D934-0A04-446C-825E-0E1C8257A4C0}.Release|x86.ActiveCfg = Release|Any CPU
		{BF66D934-0A04-446C-825E-0E1C8257A4C0}.Release|x86.Build.0 = Release|Any CPU
		{1BF572C3-E3AC-43C8-8E07-2184A105176B}.Debug|Any CPU.ActiveCfg = Debug|Any CPU
		{1BF572C3-E3AC-43C8-8E07-2184A105176B}.Debug|Any CPU.Build.0 = Debug|Any CPU
		{1BF572C3-E3AC-43C8-8E07-2184A105176B}.Debug|x64.ActiveCfg = Debug|Any CPU
		{1BF572C3-E3AC-43C8-8E07-2184A105176B}.Debug|x64.Build.0 = Debug|Any CPU
		{1BF572C3-E3AC-43C8-8E07-2184A105176B}.Debug|x86.ActiveCfg = Debug|Any CPU
		{1BF572C3-E3AC-43C8-8E07-2184A105176B}.Debug|x86.Build.0 = Debug|Any CPU
		{1BF572C3-E3AC-43C8-8E07-2184A105176B}.Release|Any CPU.ActiveCfg = Release|Any CPU
		{1BF572C3-E3AC-43C8-8E07-2184A105176B}.Release|Any CPU.Build.0 = Release|Any CPU
		{1BF572C3-E3AC-43C8-8E07-2184A105176B}.Release|x64.ActiveCfg = Release|Any CPU
		{1BF572C3-E3AC-43C8-8E07-2184A105176B}.Release|x64.Build.0 = Release|Any CPU
		{1BF572C3-E3AC-43C8-8E07-2184A105176B}.Release|x86.ActiveCfg = Release|Any CPU
		{1BF572C3-E3AC-43C8-8E07-2184A105176B}.Release|x86.Build.0 = Release|Any CPU
		{2CE09B30-8A84-4934-87BF-7444E17C5A50}.Debug|Any CPU.ActiveCfg = Debug|Any CPU
		{2CE09B30-8A84-4934-87BF-7444E17C5A50}.Debug|Any CPU.Build.0 = Debug|Any CPU
		{2CE09B30-8A84-4934-87BF-7444E17C5A50}.Debug|x64.ActiveCfg = Debug|Any CPU
		{2CE09B30-8A84-4934-87BF-7444E17C5A50}.Debug|x64.Build.0 = Debug|Any CPU
		{2CE09B30-8A84-4934-87BF-7444E17C5A50}.Debug|x86.ActiveCfg = Debug|Any CPU
		{2CE09B30-8A84-4934-87BF-7444E17C5A50}.Debug|x86.Build.0 = Debug|Any CPU
		{2CE09B30-8A84-4934-87BF-7444E17C5A50}.Release|Any CPU.ActiveCfg = Release|Any CPU
		{2CE09B30-8A84-4934-87BF-7444E17C5A50}.Release|Any CPU.Build.0 = Release|Any CPU
		{2CE09B30-8A84-4934-87BF-7444E17C5A50}.Release|x64.ActiveCfg = Release|Any CPU
		{2CE09B30-8A84-4934-87BF-7444E17C5A50}.Release|x64.Build.0 = Release|Any CPU
		{2CE09B30-8A84-4934-87BF-7444E17C5A50}.Release|x86.ActiveCfg = Release|Any CPU
		{2CE09B30-8A84-4934-87BF-7444E17C5A50}.Release|x86.Build.0 = Release|Any CPU
		{764ACF85-FEF3-4BF2-A5DD-5D8B95E49924}.Debug|Any CPU.ActiveCfg = Debug|Any CPU
		{764ACF85-FEF3-4BF2-A5DD-5D8B95E49924}.Debug|Any CPU.Build.0 = Debug|Any CPU
		{764ACF85-FEF3-4BF2-A5DD-5D8B95E49924}.Debug|x64.ActiveCfg = Debug|Any CPU
		{764ACF85-FEF3-4BF2-A5DD-5D8B95E49924}.Debug|x64.Build.0 = Debug|Any CPU
		{764ACF85-FEF3-4BF2-A5DD-5D8B95E49924}.Debug|x86.ActiveCfg = Debug|Any CPU
		{764ACF85-FEF3-4BF2-A5DD-5D8B95E49924}.Debug|x86.Build.0 = Debug|Any CPU
		{764ACF85-FEF3-4BF2-A5DD-5D8B95E49924}.Release|Any CPU.ActiveCfg = Release|Any CPU
		{764ACF85-FEF3-4BF2-A5DD-5D8B95E49924}.Release|Any CPU.Build.0 = Release|Any CPU
		{764ACF85-FEF3-4BF2-A5DD-5D8B95E49924}.Release|x64.ActiveCfg = Release|Any CPU
		{764ACF85-FEF3-4BF2-A5DD-5D8B95E49924}.Release|x64.Build.0 = Release|Any CPU
		{764ACF85-FEF3-4BF2-A5DD-5D8B95E49924}.Release|x86.ActiveCfg = Release|Any CPU
		{764ACF85-FEF3-4BF2-A5DD-5D8B95E49924}.Release|x86.Build.0 = Release|Any CPU
		{C9E9F32A-E439-4442-AC78-EB3500D30CF1}.Debug|Any CPU.ActiveCfg = Debug|Any CPU
		{C9E9F32A-E439-4442-AC78-EB3500D30CF1}.Debug|Any CPU.Build.0 = Debug|Any CPU
		{C9E9F32A-E439-4442-AC78-EB3500D30CF1}.Debug|x64.ActiveCfg = Debug|Any CPU
		{C9E9F32A-E439-4442-AC78-EB3500D30CF1}.Debug|x64.Build.0 = Debug|Any CPU
		{C9E9F32A-E439-4442-AC78-EB3500D30CF1}.Debug|x86.ActiveCfg = Debug|Any CPU
		{C9E9F32A-E439-4442-AC78-EB3500D30CF1}.Debug|x86.Build.0 = Debug|Any CPU
		{C9E9F32A-E439-4442-AC78-EB3500D30CF1}.Release|Any CPU.ActiveCfg = Release|Any CPU
		{C9E9F32A-E439-4442-AC78-EB3500D30CF1}.Release|Any CPU.Build.0 = Release|Any CPU
		{C9E9F32A-E439-4442-AC78-EB3500D30CF1}.Release|x64.ActiveCfg = Release|Any CPU
		{C9E9F32A-E439-4442-AC78-EB3500D30CF1}.Release|x64.Build.0 = Release|Any CPU
		{C9E9F32A-E439-4442-AC78-EB3500D30CF1}.Release|x86.ActiveCfg = Release|Any CPU
		{C9E9F32A-E439-4442-AC78-EB3500D30CF1}.Release|x86.Build.0 = Release|Any CPU
	EndGlobalSection
	GlobalSection(SolutionProperties) = preSolution
		HideSolutionNode = FALSE
	EndGlobalSection
	GlobalSection(NestedProjects) = preSolution
		{E2C9C1C4-DEA8-44A5-ADEA-4E234B8C3AEF} = {0AB3BF05-4346-4AA6-1389-037BE0695223}
		{BF66D934-0A04-446C-825E-0E1C8257A4C0} = {827E0CD3-B72D-47B6-A68D-7590B98EB39B}
		{1BF572C3-E3AC-43C8-8E07-2184A105176B} = {0AB3BF05-4346-4AA6-1389-037BE0695223}
		{2CE09B30-8A84-4934-87BF-7444E17C5A50} = {0AB3BF05-4346-4AA6-1389-037BE0695223}
		{764ACF85-FEF3-4BF2-A5DD-5D8B95E49924} = {0AB3BF05-4346-4AA6-1389-037BE0695223}
		{C9E9F32A-E439-4442-AC78-EB3500D30CF1} = {0AB3BF05-4346-4AA6-1389-037BE0695223}
	EndGlobalSection
EndGlobal
